# THIS IS AN AUTOGENERATED FILE. DO NOT EDIT THIS FILE DIRECTLY.
# yarn lockfile v1


"@types/estree@^0.0.46":
  version "0.0.46"
  resolved "https://registry.yarnpkg.com/@types/estree/-/estree-0.0.46.tgz#0fb6bfbbeabd7a30880504993369c4bf1deab1fe"
  integrity sha512-laIjwTQaD+5DukBZaygQ79K1Z0jb1bPEMRrkXSLjtCcZm+abyp5YbrqpSLzD42FwWW6gK/aS4NYpJ804nG2brg==

"@types/node@^14.14.30":
  version "14.14.30"
  resolved "https://registry.yarnpkg.com/@types/node/-/node-14.14.30.tgz#7d5162eec085ba34f8cb9011e9ba12119f76f961"
  integrity sha512-gUWhy8s45fQp4PqqKecsnOkdW0kt1IaKjgOIR3HPokkzTmQj9ji2wWFID5THu1MKrtO+d4s2lVrlEhXUsPXSvg==

balanced-match@^1.0.0:
  version "1.0.0"
  resolved "https://registry.yarnpkg.com/balanced-match/-/balanced-match-1.0.0.tgz#89b4d199ab2bee49de164ea02b89ce462d71b767"
  integrity sha1-ibTRmasr7kneFk6gK4nORi1xt2c=

brace-expansion@^1.1.7:
  version "1.1.11"
  resolved "https://registry.yarnpkg.com/brace-expansion/-/brace-expansion-1.1.11.tgz#3c7fcbf529d87226f3d2f52b966ff5271eb441dd"
  integrity sha512-iCuPHDFgrHX7H2vEI/5xpz07zSHB00TpugqhmYtVmMO6518mCuRMoOYFldEBl0g187ufozdaHgWKcYFb61qGiA==
  dependencies:
    balanced-match "^1.0.0"
    concat-map "0.0.1"

concat-map@0.0.1:
  version "0.0.1"
  resolved "https://registry.yarnpkg.com/concat-map/-/concat-map-0.0.1.tgz#d8a96bd77fd68df7793a73036a3ba0d5405d477b"
  integrity sha1-2Klr13/Wjfd5OnMDajug1UBdR3s=

estree-walker@^0.6.1:
  version "0.6.1"
  resolved "https://registry.yarnpkg.com/estree-walker/-/estree-walker-0.6.1.tgz#53049143f40c6eb918b23671d1fe3219f3a1b362"
  integrity sha512-SqmZANLWS0mnatqbSfRP5g8OXZC12Fgg1IwNtLsyHDzJizORW4khDfjPqJZsemPWBB2uqykUah5YpQ6epsqC/w==

estree-walker@^3.0.0:
  version "3.0.0"
  resolved "https://registry.yarnpkg.com/estree-walker/-/estree-walker-3.0.0.tgz#ca4b284de9dffb255288c76a44870b360faf14f9"
  integrity sha512-s6ceX0NFiU/vKPiKvFdR83U1Zffu7upwZsGwpoqfg5rbbq1l50WQ5hCeIvM6E6oD4shUHCYMsiFPns4Jk0YfMQ==

fsevents@~2.3.1:
  version "2.3.2"
  resolved "https://registry.yarnpkg.com/fsevents/-/fsevents-2.3.2.tgz#8a526f78b8fdf4623b709e0b975c52c24c02fd1a"
  integrity sha512-xiqMQR4xAeHTuB9uWm+fFRcIOgKBMiOBP+eXiyT7jsgVCq1bkVygt00oASowB7EdtpOHaaPgKt812P9ab+DDKA==

locate-character@^2.0.5:
  version "2.0.5"
  resolved "https://registry.yarnpkg.com/locate-character/-/locate-character-2.0.5.tgz#f2d2614d49820ecb3c92d80d193b8db755f74c0f"
  integrity sha512-n2GmejDXtOPBAZdIiEFy5dJ5N38xBCXLNOtw2WpB9kGh6pnrEuKlwYI+Tkpofc4wDtVXHtoAOJaMRlYG/oYaxg==

magic-string@^0.25.7:
  version "0.25.7"
  resolved "https://registry.yarnpkg.com/magic-string/-/magic-string-0.25.7.tgz#3f497d6fd34c669c6798dcb821f2ef31f5445051"
  integrity sha512-4CrMT5DOHTDk4HYDlzmwu4FVCcIYI8gauveasrdCu2IKIFOJ3f0v/8MDGJCDL9oD2ppz/Av1b0Nj345H9M+XIA==
  dependencies:
    sourcemap-codec "^1.4.4"

minimatch@3.0.4:
  version "3.0.4"
  resolved "https://registry.yarnpkg.com/minimatch/-/minimatch-3.0.4.tgz#5166e286457f03306064be5497e8dbb0c3d32083"
  integrity sha512-yJHVQEhyqPLUTgt9B83PXu6W3rx4MvvHvSUvToogpwoGDOUQ+yDrR0HRot+yOCdCO7u4hX3pWft6kWBBcqh0UA==
  dependencies:
    brace-expansion "^1.1.7"

recursive-readdir@^2.2.2:
  version "2.2.2"
  resolved "https://registry.yarnpkg.com/recursive-readdir/-/recursive-readdir-2.2.2.tgz#9946fb3274e1628de6e36b2f6714953b4845094f"
  integrity sha512-nRCcW9Sj7NuZwa2XvH9co8NPeXUBhZP7CRKJtU+cS6PW9FpCIFoI5ib0NT1ZrbNuPoRy0ylyCaUL8Gih4LSyFg==
  dependencies:
    minimatch "3.0.4"

require-relative@^0.8.7:
  version "0.8.7"
  resolved "https://registry.yarnpkg.com/require-relative/-/require-relative-0.8.7.tgz#7999539fc9e047a37928fa196f8e1563dabd36de"
  integrity sha1-eZlTn8ngR6N5KPoZb44VY9q9Nt4=

rollup-plugin-svelte@^7.1.0:
  version "7.1.0"
  resolved "https://registry.yarnpkg.com/rollup-plugin-svelte/-/rollup-plugin-svelte-7.1.0.tgz#d45f2b92b1014be4eb46b55aa033fb9a9c65f04d"
  integrity sha512-vopCUq3G+25sKjwF5VilIbiY6KCuMNHP1PFvx2Vr3REBNMDllKHFZN2B9jwwC+MqNc3UPKkjXnceLPEjTjXGXg==
  dependencies:
    require-relative "^0.8.7"
    rollup-pluginutils "^2.8.2"

rollup-pluginutils@^2.8.2:
  version "2.8.2"
  resolved "https://registry.yarnpkg.com/rollup-pluginutils/-/rollup-pluginutils-2.8.2.tgz#72f2af0748b592364dbd3389e600e5a9444a351e"
  integrity sha512-EEp9NhnUkwY8aif6bxgovPHMoMoNr2FulJziTndpt5H9RdwC47GSGuII9XxpSdzVGM0GWrNPHV6ie1LTNJPaLQ==
  dependencies:
    estree-walker "^0.6.1"

rollup@^2.39.0:
  version "2.39.0"
  resolved "https://registry.yarnpkg.com/rollup/-/rollup-2.39.0.tgz#be4f98c9e421793a8fec82c854fb567c35e22ab6"
  integrity sha512-+WR3bttcq7zE+BntH09UxaW3bQo3vItuYeLsyk4dL2tuwbeSKJuvwiawyhEnvRdRgrII0Uzk00FpctHO/zB1kw==
  optionalDependencies:
    fsevents "~2.3.1"

sourcemap-codec@^1.4.4:
  version "1.4.8"
  resolved "https://registry.yarnpkg.com/sourcemap-codec/-/sourcemap-codec-1.4.8.tgz#ea804bd94857402e6992d05a38ef1ae35a9ab4c4"
  integrity sha512-9NykojV5Uih4lgo5So5dtw+f0JgJX30KCNI8gwhz2J9A15wD0Ml6tjHKwf6fTSa6fAdVBdZeNOs9eJ71qCk8vA==

svelte@^3.32.3:
  version "3.32.3"
  resolved "https://registry.yarnpkg.com/svelte/-/svelte-3.32.3.tgz#db0c50c65573ecffe4e2f4924e4862d8f9feda74"
  integrity sha512-5etu/wDwtewhnYO/631KKTjSmFrKohFLWNm1sWErVHXqGZ8eJLqrW0qivDSyYTcN8GbUqsR4LkIhftNFsjNehg==

typescript@^4.1.5:
  version "4.1.5"
  resolved "https://registry.yarnpkg.com/typescript/-/typescript-4.1.5.tgz#123a3b214aaff3be32926f0d8f1f6e704eb89a72"
  integrity sha512-6OSu9PTIzmn9TCDiovULTnET6BgXtDYL4Gg4szY+cGsc3JP1dQL8qvE8kShTRx1NIw4Q9IBHlwODjkjWEtMUyA==
